
Microsoft Visual Studio Solution File, Format Version 12.00
# Visual Studio 15
VisualStudioVersion = 15.0.28307.779
MinimumVisualStudioVersion = 10.0.40219.1
Project("{FAE04EC0-301F-11D3-BF4B-00C04F79EFBC}") = "Lab8Ex", "Lab8Ex\Lab8Ex.csproj", "{C609FC6B-DC46-4EA4-9B6D-0FB6B6AC9C5A}"
EndProject
Global
	GlobalSection(SolutionConfigurationPlatforms) = preSolution
		Debug|Any CPU = Debug|Any CPU
		Release|Any CPU = Release|Any CPU
	EndGlobalSection
	GlobalSection(ProjectConfigurationPlatforms) = postSolution
		{C609FC6B-DC46-4EA4-9B6D-0FB6B6AC9C5A}.Debug|Any CPU.ActiveCfg = Debug|Any CPU
		{C609FC6B-DC46-4EA4-9B6D-0FB6B6AC9C5A}.Debug|Any CPU.Build.0 = Debug|Any CPU
		{C609FC6B-DC46-4EA4-9B6D-0FB6B6AC9C5A}.Release|Any CPU.ActiveCfg = Release|Any CPU
		{C609FC6B-DC46-4EA4-9B6D-0FB6B6AC9C5A}.Release|Any CPU.Build.0 = Release|Any CPU
	EndGlobalSection
	GlobalSection(SolutionProperties) = preSolution
		HideSolutionNode = FALSE
	EndGlobalSection
	GlobalSection(ExtensibilityGlobals) = postSolution
		SolutionGuid = {678C11AF-10E3-4508-A9DF-00F9CC7CDA1B}
	EndGlobalSection
EndGlobal
