
Microsoft Visual Studio Solution File, Format Version 12.00
# Visual Studio 15
VisualStudioVersion = 15.0.28307.779
MinimumVisualStudioVersion = 10.0.40219.1
Project("{8BC9CEB8-8B4A-11D0-8D11-00A0C91BC942}") = "LB6a", "LB6a\LB6a.vcxproj", "{57E2CB81-CDCD-40CF-ACF0-5ED40F3F43BB}"
EndProject
Global
	GlobalSection(SolutionConfigurationPlatforms) = preSolution
		Debug|x64 = Debug|x64
		Debug|x86 = Debug|x86
		Release|x64 = Release|x64
		Release|x86 = Release|x86
	EndGlobalSection
	GlobalSection(ProjectConfigurationPlatforms) = postSolution
		{57E2CB81-CDCD-40CF-ACF0-5ED40F3F43BB}.Debug|x64.ActiveCfg = Debug|x64
		{57E2CB81-CDCD-40CF-ACF0-5ED40F3F43BB}.Debug|x64.Build.0 = Debug|x64
		{57E2CB81-CDCD-40CF-ACF0-5ED40F3F43BB}.Debug|x86.ActiveCfg = Debug|Win32
		{57E2CB81-CDCD-40CF-ACF0-5ED40F3F43BB}.Debug|x86.Build.0 = Debug|Win32
		{57E2CB81-CDCD-40CF-ACF0-5ED40F3F43BB}.Release|x64.ActiveCfg = Release|x64
		{57E2CB81-CDCD-40CF-ACF0-5ED40F3F43BB}.Release|x64.Build.0 = Release|x64
		{57E2CB81-CDCD-40CF-ACF0-5ED40F3F43BB}.Release|x86.ActiveCfg = Release|Win32
		{57E2CB81-CDCD-40CF-ACF0-5ED40F3F43BB}.Release|x86.Build.0 = Release|Win32
	EndGlobalSection
	GlobalSection(SolutionProperties) = preSolution
		HideSolutionNode = FALSE
	EndGlobalSection
	GlobalSection(ExtensibilityGlobals) = postSolution
		SolutionGuid = {636E0D3F-C092-47D1-A3A8-65AC80087688}
	EndGlobalSection
EndGlobal
